
Microsoft Visual Studio Solution File, Format Version 12.00
# Visual Studio Version 17
VisualStudioVersion = 17.7.34221.43
MinimumVisualStudioVersion = 10.0.40219.1
Project("{9A19103F-16F7-4668-BE54-9A1E7A4F7556}") = "01.GaussTrick", "01.GaussTrick\01.GaussTrick.csproj", "{8564CFDA-0DE6-449D-AD16-FB45479542EF}"
EndProject
Project("{9A19103F-16F7-4668-BE54-9A1E7A4F7556}") = "02.CondenseArrayToNumber", "02.CondenseArrayToNumber\02.CondenseArrayToNumber.csproj", "{054C061F-6033-4869-8639-80BC1BE75E4E}"
EndProject
Project("{9A19103F-16F7-4668-BE54-9A1E7A4F7556}") = "03.MergingLists", "03.MergingLists\03.MergingLists.csproj", "{D84BC755-596D-4AA4-8056-424107659011}"
EndProject
Project("{9A19103F-16F7-4668-BE54-9A1E7A4F7556}") = "05.BombNumbers", "05.BombNumbers\05.BombNumbers.csproj", "{1102D774-0EF8-4D98-8E5E-F3AB8312D137}"
EndProject
Project("{FAE04EC0-301F-11D3-BF4B-00C04F79EFBC}") = "01.GaussTrickVar2", "01.GaussTrickVar2\01.GaussTrickVar2.csproj", "{C81F0E25-39BD-4A1B-A192-3ACD6324611E}"
EndProject
Project("{FAE04EC0-301F-11D3-BF4B-00C04F79EFBC}") = "07.ZigZagArrays", "07.ZigZagArrays\07.ZigZagArrays.csproj", "{76BB483C-5357-4668-B960-9B20940A4D31}"
EndProject
Project("{FAE04EC0-301F-11D3-BF4B-00C04F79EFBC}") = "08.ArrayRotation", "08.ArrayRotation\08.ArrayRotation.csproj", "{1266A8D5-B448-44C3-8860-AAA2B9128655}"
EndProject
Project("{FAE04EC0-301F-11D3-BF4B-00C04F79EFBC}") = "06.CardsGame", "06.CardsGame\06.CardsGame.csproj", "{07414A68-95EF-4CA7-82E6-35ACCF2E4F09}"
EndProject
Project("{FAE04EC0-301F-11D3-BF4B-00C04F79EFBC}") = "04.SumAdjacentEqualNumbers", "04.SumAdjacentEqualNumbers\04.SumAdjacentEqualNumbers.csproj", "{84896552-3972-4F8E-87B6-D18859CBBAB9}"
EndProject
Project("{FAE04EC0-301F-11D3-BF4B-00C04F79EFBC}") = "10.TopIntegers", "10.TopIntegers\10.TopIntegers.csproj", "{024FFC37-168E-41A3-8A1B-4F26D78F812D}"
EndProject
Project("{FAE04EC0-301F-11D3-BF4B-00C04F79EFBC}") = "09.MaxSeaquensOfEqualElements", "09.MaxSeaquensOfEqualElements\09.MaxSeaquensOfEqualElements.csproj", "{817A14EE-BD21-4566-B68B-2C26A98CE156}"
EndProject
Global
	GlobalSection(SolutionConfigurationPlatforms) = preSolution
		Debug|Any CPU = Debug|Any CPU
		Release|Any CPU = Release|Any CPU
	EndGlobalSection
	GlobalSection(ProjectConfigurationPlatforms) = postSolution
		{8564CFDA-0DE6-449D-AD16-FB45479542EF}.Debug|Any CPU.ActiveCfg = Debug|Any CPU
		{8564CFDA-0DE6-449D-AD16-FB45479542EF}.Debug|Any CPU.Build.0 = Debug|Any CPU
		{8564CFDA-0DE6-449D-AD16-FB45479542EF}.Release|Any CPU.ActiveCfg = Release|Any CPU
		{8564CFDA-0DE6-449D-AD16-FB45479542EF}.Release|Any CPU.Build.0 = Release|Any CPU
		{054C061F-6033-4869-8639-80BC1BE75E4E}.Debug|Any CPU.ActiveCfg = Debug|Any CPU
		{054C061F-6033-4869-8639-80BC1BE75E4E}.Debug|Any CPU.Build.0 = Debug|Any CPU
		{054C061F-6033-4869-8639-80BC1BE75E4E}.Release|Any CPU.ActiveCfg = Release|Any CPU
		{054C061F-6033-4869-8639-80BC1BE75E4E}.Release|Any CPU.Build.0 = Release|Any CPU
		{D84BC755-596D-4AA4-8056-424107659011}.Debug|Any CPU.ActiveCfg = Debug|Any CPU
		{D84BC755-596D-4AA4-8056-424107659011}.Debug|Any CPU.Build.0 = Debug|Any CPU
		{D84BC755-596D-4AA4-8056-424107659011}.Release|Any CPU.ActiveCfg = Release|Any CPU
		{D84BC755-596D-4AA4-8056-424107659011}.Release|Any CPU.Build.0 = Release|Any CPU
		{1102D774-0EF8-4D98-8E5E-F3AB8312D137}.Debug|Any CPU.ActiveCfg = Debug|Any CPU
		{1102D774-0EF8-4D98-8E5E-F3AB8312D137}.Debug|Any CPU.Build.0 = Debug|Any CPU
		{1102D774-0EF8-4D98-8E5E-F3AB8312D137}.Release|Any CPU.ActiveCfg = Release|Any CPU
		{1102D774-0EF8-4D98-8E5E-F3AB8312D137}.Release|Any CPU.Build.0 = Release|Any CPU
		{C81F0E25-39BD-4A1B-A192-3ACD6324611E}.Debug|Any CPU.ActiveCfg = Debug|Any CPU
		{C81F0E25-39BD-4A1B-A192-3ACD6324611E}.Debug|Any CPU.Build.0 = Debug|Any CPU
		{C81F0E25-39BD-4A1B-A192-3ACD6324611E}.Release|Any CPU.ActiveCfg = Release|Any CPU
		{C81F0E25-39BD-4A1B-A192-3ACD6324611E}.Release|Any CPU.Build.0 = Release|Any CPU
		{76BB483C-5357-4668-B960-9B20940A4D31}.Debug|Any CPU.ActiveCfg = Debug|Any CPU
		{76BB483C-5357-4668-B960-9B20940A4D31}.Debug|Any CPU.Build.0 = Debug|Any CPU
		{76BB483C-5357-4668-B960-9B20940A4D31}.Release|Any CPU.ActiveCfg = Release|Any CPU
		{76BB483C-5357-4668-B960-9B20940A4D31}.Release|Any CPU.Build.0 = Release|Any CPU
		{1266A8D5-B448-44C3-8860-AAA2B9128655}.Debug|Any CPU.ActiveCfg = Debug|Any CPU
		{1266A8D5-B448-44C3-8860-AAA2B9128655}.Debug|Any CPU.Build.0 = Debug|Any CPU
		{1266A8D5-B448-44C3-8860-AAA2B9128655}.Release|Any CPU.ActiveCfg = Release|Any CPU
		{1266A8D5-B448-44C3-8860-AAA2B9128655}.Release|Any CPU.Build.0 = Release|Any CPU
		{07414A68-95EF-4CA7-82E6-35ACCF2E4F09}.Debug|Any CPU.ActiveCfg = Debug|Any CPU
		{07414A68-95EF-4CA7-82E6-35ACCF2E4F09}.Debug|Any CPU.Build.0 = Debug|Any CPU
		{07414A68-95EF-4CA7-82E6-35ACCF2E4F09}.Release|Any CPU.ActiveCfg = Release|Any CPU
		{07414A68-95EF-4CA7-82E6-35ACCF2E4F09}.Release|Any CPU.Build.0 = Release|Any CPU
		{84896552-3972-4F8E-87B6-D18859CBBAB9}.Debug|Any CPU.ActiveCfg = Debug|Any CPU
		{84896552-3972-4F8E-87B6-D18859CBBAB9}.Debug|Any CPU.Build.0 = Debug|Any CPU
		{84896552-3972-4F8E-87B6-D18859CBBAB9}.Release|Any CPU.ActiveCfg = Release|Any CPU
		{84896552-3972-4F8E-87B6-D18859CBBAB9}.Release|Any CPU.Build.0 = Release|Any CPU
		{024FFC37-168E-41A3-8A1B-4F26D78F812D}.Debug|Any CPU.ActiveCfg = Debug|Any CPU
		{024FFC37-168E-41A3-8A1B-4F26D78F812D}.Debug|Any CPU.Build.0 = Debug|Any CPU
		{024FFC37-168E-41A3-8A1B-4F26D78F812D}.Release|Any CPU.ActiveCfg = Release|Any CPU
		{024FFC37-168E-41A3-8A1B-4F26D78F812D}.Release|Any CPU.Build.0 = Release|Any CPU
		{817A14EE-BD21-4566-B68B-2C26A98CE156}.Debug|Any CPU.ActiveCfg = Debug|Any CPU
		{817A14EE-BD21-4566-B68B-2C26A98CE156}.Debug|Any CPU.Build.0 = Debug|Any CPU
		{817A14EE-BD21-4566-B68B-2C26A98CE156}.Release|Any CPU.ActiveCfg = Release|Any CPU
		{817A14EE-BD21-4566-B68B-2C26A98CE156}.Release|Any CPU.Build.0 = Release|Any CPU
	EndGlobalSection
	GlobalSection(SolutionProperties) = preSolution
		HideSolutionNode = FALSE
	EndGlobalSection
	GlobalSection(ExtensibilityGlobals) = postSolution
		SolutionGuid = {B0B9EF23-3B05-4864-8E7D-8F0D7B52EB84}
	EndGlobalSection
EndGlobal
