
Microsoft Visual Studio Solution File, Format Version 12.00
# Visual Studio Version 17
VisualStudioVersion = 17.12.35527.113 d17.12
MinimumVisualStudioVersion = 10.0.40219.1
Project("{FAE04EC0-301F-11D3-BF4B-00C04F79EFBC}") = "bpbOnline", "bpbOnline\bpbOnline.csproj", "{48EB5C21-82FC-4FF5-93A4-A2B9FF9A7520}"
EndProject
Global
	GlobalSection(SolutionConfigurationPlatforms) = preSolution
		Debug|Any CPU = Debug|Any CPU
		Release|Any CPU = Release|Any CPU
	EndGlobalSection
	GlobalSection(ProjectConfigurationPlatforms) = postSolution
		{48EB5C21-82FC-4FF5-93A4-A2B9FF9A7520}.Debug|Any CPU.ActiveCfg = Debug|Any CPU
		{48EB5C21-82FC-4FF5-93A4-A2B9FF9A7520}.Debug|Any CPU.Build.0 = Debug|Any CPU
		{48EB5C21-82FC-4FF5-93A4-A2B9FF9A7520}.Release|Any CPU.ActiveCfg = Release|Any CPU
		{48EB5C21-82FC-4FF5-93A4-A2B9FF9A7520}.Release|Any CPU.Build.0 = Release|Any CPU
	EndGlobalSection
	GlobalSection(SolutionProperties) = preSolution
		HideSolutionNode = FALSE
	EndGlobalSection
EndGlobal
