
Microsoft Visual Studio Solution File, Format Version 12.00
# Visual Studio Version 17
VisualStudioVersion = 17.7.34221.43
MinimumVisualStudioVersion = 10.0.40219.1
Project("{9A19103F-16F7-4668-BE54-9A1E7A4F7556}") = "01.FreezingWeather", "01.FreezingWeather\01.FreezingWeather.csproj", "{71832430-9FDF-40C7-B642-713C17DF5AE4}"
EndProject
Project("{9A19103F-16F7-4668-BE54-9A1E7A4F7556}") = "02.EvenOrOdd", "02.EvenOrOdd\02.EvenOrOdd.csproj", "{D884EBF2-4566-42C2-9424-49DB0AF40BF0}"
EndProject
Project("{9A19103F-16F7-4668-BE54-9A1E7A4F7556}") = "03.NumberAsWords", "03.NumberAsWords\03.NumberAsWords.csproj", "{D1D33513-23C0-4DFF-B751-BBC31BAA0946}"
EndProject
Project("{9A19103F-16F7-4668-BE54-9A1E7A4F7556}") = "04.GreaterNumber", "04.GreaterNumber\04.GreaterNumber.csproj", "{3E3AE4D7-A24A-43EC-9731-4E588E1165B7}"
EndProject
Project("{9A19103F-16F7-4668-BE54-9A1E7A4F7556}") = "05.GuessThePassword", "05.GuessThePassword\05.GuessThePassword.csproj", "{01AD6788-07C6-4ED8-8CD1-7EC474CC39AF}"
EndProject
Project("{9A19103F-16F7-4668-BE54-9A1E7A4F7556}") = "06.BoilingWater", "06.BoilingWater\06.BoilingWater.csproj", "{CE7CB218-2C8F-495D-BB7A-C9017F555C73}"
EndProject
Project("{9A19103F-16F7-4668-BE54-9A1E7A4F7556}") = "07.SpeedInfo", "07.SpeedInfo\07.SpeedInfo.csproj", "{5572BC8A-6A28-461E-A27C-F85E44732DAE}"
EndProject
Project("{9A19103F-16F7-4668-BE54-9A1E7A4F7556}") = "08.TicketPrice", "08.TicketPrice\08.TicketPrice.csproj", "{F0184A5F-C9A0-4FFF-B5A2-9E7D87C41240}"
EndProject
Project("{9A19103F-16F7-4668-BE54-9A1E7A4F7556}") = "09.AreeaOfFigures", "09.AreeaOfFigures\09.AreeaOfFigures.csproj", "{33C5B6D0-1363-4748-B88B-09F6363A48A4}"
EndProject
Project("{9A19103F-16F7-4668-BE54-9A1E7A4F7556}") = "10.ValidTriangle", "10.ValidTriangle\10.ValidTriangle.csproj", "{BCE5E32E-188F-452B-B561-B9C78FB9E570}"
EndProject
Project("{9A19103F-16F7-4668-BE54-9A1E7A4F7556}") = "11.CoffeeShop", "11.CoffeeShop\11.CoffeeShop.csproj", "{9070F568-5F21-40AD-BA9F-30241A84D1BA}"
EndProject
Global
	GlobalSection(SolutionConfigurationPlatforms) = preSolution
		Debug|Any CPU = Debug|Any CPU
		Release|Any CPU = Release|Any CPU
	EndGlobalSection
	GlobalSection(ProjectConfigurationPlatforms) = postSolution
		{71832430-9FDF-40C7-B642-713C17DF5AE4}.Debug|Any CPU.ActiveCfg = Debug|Any CPU
		{71832430-9FDF-40C7-B642-713C17DF5AE4}.Debug|Any CPU.Build.0 = Debug|Any CPU
		{71832430-9FDF-40C7-B642-713C17DF5AE4}.Release|Any CPU.ActiveCfg = Release|Any CPU
		{71832430-9FDF-40C7-B642-713C17DF5AE4}.Release|Any CPU.Build.0 = Release|Any CPU
		{D884EBF2-4566-42C2-9424-49DB0AF40BF0}.Debug|Any CPU.ActiveCfg = Debug|Any CPU
		{D884EBF2-4566-42C2-9424-49DB0AF40BF0}.Debug|Any CPU.Build.0 = Debug|Any CPU
		{D884EBF2-4566-42C2-9424-49DB0AF40BF0}.Release|Any CPU.ActiveCfg = Release|Any CPU
		{D884EBF2-4566-42C2-9424-49DB0AF40BF0}.Release|Any CPU.Build.0 = Release|Any CPU
		{D1D33513-23C0-4DFF-B751-BBC31BAA0946}.Debug|Any CPU.ActiveCfg = Debug|Any CPU
		{D1D33513-23C0-4DFF-B751-BBC31BAA0946}.Debug|Any CPU.Build.0 = Debug|Any CPU
		{D1D33513-23C0-4DFF-B751-BBC31BAA0946}.Release|Any CPU.ActiveCfg = Release|Any CPU
		{D1D33513-23C0-4DFF-B751-BBC31BAA0946}.Release|Any CPU.Build.0 = Release|Any CPU
		{3E3AE4D7-A24A-43EC-9731-4E588E1165B7}.Debug|Any CPU.ActiveCfg = Debug|Any CPU
		{3E3AE4D7-A24A-43EC-9731-4E588E1165B7}.Debug|Any CPU.Build.0 = Debug|Any CPU
		{3E3AE4D7-A24A-43EC-9731-4E588E1165B7}.Release|Any CPU.ActiveCfg = Release|Any CPU
		{3E3AE4D7-A24A-43EC-9731-4E588E1165B7}.Release|Any CPU.Build.0 = Release|Any CPU
		{01AD6788-07C6-4ED8-8CD1-7EC474CC39AF}.Debug|Any CPU.ActiveCfg = Debug|Any CPU
		{01AD6788-07C6-4ED8-8CD1-7EC474CC39AF}.Debug|Any CPU.Build.0 = Debug|Any CPU
		{01AD6788-07C6-4ED8-8CD1-7EC474CC39AF}.Release|Any CPU.ActiveCfg = Release|Any CPU
		{01AD6788-07C6-4ED8-8CD1-7EC474CC39AF}.Release|Any CPU.Build.0 = Release|Any CPU
		{CE7CB218-2C8F-495D-BB7A-C9017F555C73}.Debug|Any CPU.ActiveCfg = Debug|Any CPU
		{CE7CB218-2C8F-495D-BB7A-C9017F555C73}.Debug|Any CPU.Build.0 = Debug|Any CPU
		{CE7CB218-2C8F-495D-BB7A-C9017F555C73}.Release|Any CPU.ActiveCfg = Release|Any CPU
		{CE7CB218-2C8F-495D-BB7A-C9017F555C73}.Release|Any CPU.Build.0 = Release|Any CPU
		{5572BC8A-6A28-461E-A27C-F85E44732DAE}.Debug|Any CPU.ActiveCfg = Debug|Any CPU
		{5572BC8A-6A28-461E-A27C-F85E44732DAE}.Debug|Any CPU.Build.0 = Debug|Any CPU
		{5572BC8A-6A28-461E-A27C-F85E44732DAE}.Release|Any CPU.ActiveCfg = Release|Any CPU
		{5572BC8A-6A28-461E-A27C-F85E44732DAE}.Release|Any CPU.Build.0 = Release|Any CPU
		{F0184A5F-C9A0-4FFF-B5A2-9E7D87C41240}.Debug|Any CPU.ActiveCfg = Debug|Any CPU
		{F0184A5F-C9A0-4FFF-B5A2-9E7D87C41240}.Debug|Any CPU.Build.0 = Debug|Any CPU
		{F0184A5F-C9A0-4FFF-B5A2-9E7D87C41240}.Release|Any CPU.ActiveCfg = Release|Any CPU
		{F0184A5F-C9A0-4FFF-B5A2-9E7D87C41240}.Release|Any CPU.Build.0 = Release|Any CPU
		{33C5B6D0-1363-4748-B88B-09F6363A48A4}.Debug|Any CPU.ActiveCfg = Debug|Any CPU
		{33C5B6D0-1363-4748-B88B-09F6363A48A4}.Debug|Any CPU.Build.0 = Debug|Any CPU
		{33C5B6D0-1363-4748-B88B-09F6363A48A4}.Release|Any CPU.ActiveCfg = Release|Any CPU
		{33C5B6D0-1363-4748-B88B-09F6363A48A4}.Release|Any CPU.Build.0 = Release|Any CPU
		{BCE5E32E-188F-452B-B561-B9C78FB9E570}.Debug|Any CPU.ActiveCfg = Debug|Any CPU
		{BCE5E32E-188F-452B-B561-B9C78FB9E570}.Debug|Any CPU.Build.0 = Debug|Any CPU
		{BCE5E32E-188F-452B-B561-B9C78FB9E570}.Release|Any CPU.ActiveCfg = Release|Any CPU
		{BCE5E32E-188F-452B-B561-B9C78FB9E570}.Release|Any CPU.Build.0 = Release|Any CPU
		{9070F568-5F21-40AD-BA9F-30241A84D1BA}.Debug|Any CPU.ActiveCfg = Debug|Any CPU
		{9070F568-5F21-40AD-BA9F-30241A84D1BA}.Debug|Any CPU.Build.0 = Debug|Any CPU
		{9070F568-5F21-40AD-BA9F-30241A84D1BA}.Release|Any CPU.ActiveCfg = Release|Any CPU
		{9070F568-5F21-40AD-BA9F-30241A84D1BA}.Release|Any CPU.Build.0 = Release|Any CPU
	EndGlobalSection
	GlobalSection(SolutionProperties) = preSolution
		HideSolutionNode = FALSE
	EndGlobalSection
	GlobalSection(ExtensibilityGlobals) = postSolution
		SolutionGuid = {2DC391B4-DA9F-439E-9CC0-CFE800E1701C}
	EndGlobalSection
EndGlobal
