
Microsoft Visual Studio Solution File, Format Version 12.00
# Visual Studio Version 17
VisualStudioVersion = 17.7.34221.43
MinimumVisualStudioVersion = 10.0.40219.1
Project("{FAE04EC0-301F-11D3-BF4B-00C04F79EFBC}") = "01.DailyExerciseTracker", "01.DailyExerciseTracker\01.DailyExerciseTracker.csproj", "{4E8736A7-BD8C-4F0D-BF02-B3396954FACE}"
EndProject
Project("{FAE04EC0-301F-11D3-BF4B-00C04F79EFBC}") = "02.AverageSales", "02.AverageSales\02.AverageSales.csproj", "{7C0B6B80-66F2-4156-B2BF-523387AD7905}"
EndProject
Global
	GlobalSection(SolutionConfigurationPlatforms) = preSolution
		Debug|Any CPU = Debug|Any CPU
		Release|Any CPU = Release|Any CPU
	EndGlobalSection
	GlobalSection(ProjectConfigurationPlatforms) = postSolution
		{4E8736A7-BD8C-4F0D-BF02-B3396954FACE}.Debug|Any CPU.ActiveCfg = Debug|Any CPU
		{4E8736A7-BD8C-4F0D-BF02-B3396954FACE}.Debug|Any CPU.Build.0 = Debug|Any CPU
		{4E8736A7-BD8C-4F0D-BF02-B3396954FACE}.Release|Any CPU.ActiveCfg = Release|Any CPU
		{4E8736A7-BD8C-4F0D-BF02-B3396954FACE}.Release|Any CPU.Build.0 = Release|Any CPU
		{7C0B6B80-66F2-4156-B2BF-523387AD7905}.Debug|Any CPU.ActiveCfg = Debug|Any CPU
		{7C0B6B80-66F2-4156-B2BF-523387AD7905}.Debug|Any CPU.Build.0 = Debug|Any CPU
		{7C0B6B80-66F2-4156-B2BF-523387AD7905}.Release|Any CPU.ActiveCfg = Release|Any CPU
		{7C0B6B80-66F2-4156-B2BF-523387AD7905}.Release|Any CPU.Build.0 = Release|Any CPU
	EndGlobalSection
	GlobalSection(SolutionProperties) = preSolution
		HideSolutionNode = FALSE
	EndGlobalSection
	GlobalSection(ExtensibilityGlobals) = postSolution
		SolutionGuid = {8A632F7F-A47E-4425-865F-A50890344BCE}
	EndGlobalSection
EndGlobal
