
Microsoft Visual Studio Solution File, Format Version 12.00
# Visual Studio Version 17
VisualStudioVersion = 17.11.35327.3
MinimumVisualStudioVersion = 10.0.40219.1
Project("{FAE04EC0-301F-11D3-BF4B-00C04F79EFBC}") = "TestApp", "TestApp\TestApp.csproj", "{B1F5D937-8FA0-40CA-A21D-40EA49B92DC2}"
EndProject
Project("{FAE04EC0-301F-11D3-BF4B-00C04F79EFBC}") = "TestApp.Tests", "TestApp.Tests\TestApp.Tests.csproj", "{30D5981A-A2FD-4DB7-8722-B36118469741}"
EndProject
Global
	GlobalSection(SolutionConfigurationPlatforms) = preSolution
		Debug|Any CPU = Debug|Any CPU
		Release|Any CPU = Release|Any CPU
	EndGlobalSection
	GlobalSection(ProjectConfigurationPlatforms) = postSolution
		{B1F5D937-8FA0-40CA-A21D-40EA49B92DC2}.Debug|Any CPU.ActiveCfg = Debug|Any CPU
		{B1F5D937-8FA0-40CA-A21D-40EA49B92DC2}.Debug|Any CPU.Build.0 = Debug|Any CPU
		{B1F5D937-8FA0-40CA-A21D-40EA49B92DC2}.Release|Any CPU.ActiveCfg = Release|Any CPU
		{B1F5D937-8FA0-40CA-A21D-40EA49B92DC2}.Release|Any CPU.Build.0 = Release|Any CPU
		{30D5981A-A2FD-4DB7-8722-B36118469741}.Debug|Any CPU.ActiveCfg = Debug|Any CPU
		{30D5981A-A2FD-4DB7-8722-B36118469741}.Debug|Any CPU.Build.0 = Debug|Any CPU
		{30D5981A-A2FD-4DB7-8722-B36118469741}.Release|Any CPU.ActiveCfg = Release|Any CPU
		{30D5981A-A2FD-4DB7-8722-B36118469741}.Release|Any CPU.Build.0 = Release|Any CPU
	EndGlobalSection
	GlobalSection(SolutionProperties) = preSolution
		HideSolutionNode = FALSE
	EndGlobalSection
	GlobalSection(ExtensibilityGlobals) = postSolution
		SolutionGuid = {FEA7F5FF-249E-4EAB-9153-4DA37E4342B0}
	EndGlobalSection
EndGlobal
