
Microsoft Visual Studio Solution File, Format Version 12.00
# Visual Studio Version 17
VisualStudioVersion = 17.7.34221.43
MinimumVisualStudioVersion = 10.0.40219.1
Project("{9A19103F-16F7-4668-BE54-9A1E7A4F7556}") = "01.PoolDay", "01.PoolDay\01.PoolDay.csproj", "{FBCDCA20-2BA0-4452-8CBE-64E56CC22215}"
EndProject
Project("{9A19103F-16F7-4668-BE54-9A1E7A4F7556}") = "02.FamilyTrip", "02.FamilyTrip\02.FamilyTrip.csproj", "{D6C461E7-993F-4850-9B6F-89BA2C1D899B}"
EndProject
Project("{9A19103F-16F7-4668-BE54-9A1E7A4F7556}") = "03.CoffeeMachine", "03.CoffeeMachine\03.CoffeeMachine.csproj", "{714ACCAC-62F6-49BC-AA26-83DE90BBA009}"
EndProject
Project("{9A19103F-16F7-4668-BE54-9A1E7A4F7556}") = "03.TravelAgency", "03.TravelAgency\03.TravelAgency.csproj", "{D1D5FD9A-8685-4C6F-810A-F28EC2555B7E}"
EndProject
Project("{FAE04EC0-301F-11D3-BF4B-00C04F79EFBC}") = "04.Club", "04.Club\04.Club.csproj", "{098CBB6B-1977-42C2-992E-BB8D6C4EF26F}"
EndProject
Project("{FAE04EC0-301F-11D3-BF4B-00C04F79EFBC}") = "04.Renovation", "04.Renovation\04.Renovation.csproj", "{3B5085F6-01D1-4470-A65D-8F01C80029E2}"
EndProject
Project("{FAE04EC0-301F-11D3-BF4B-00C04F79EFBC}") = "05.PCGameShop", "05.PCGameShop\05.PCGameShop.csproj", "{396BF399-EACB-4E32-84FA-427013BC3F91}"
EndProject
Project("{FAE04EC0-301F-11D3-BF4B-00C04F79EFBC}") = "05.FootballTournament", "05.FootballTournament\05.FootballTournament.csproj", "{19D338FE-14C9-405B-BBE8-D357ACF6C03E}"
EndProject
Project("{FAE04EC0-301F-11D3-BF4B-00C04F79EFBC}") = "06.NameGame", "06.NameGame\06.NameGame.csproj", "{727939AB-BA9A-4257-B7BE-8C11A8B939CC}"
EndProject
Project("{FAE04EC0-301F-11D3-BF4B-00C04F79EFBC}") = "06.TheMostPowerfulWord", "06.TheMostPowerfulWord\06.TheMostPowerfulWord.csproj", "{7874EC1C-19B8-4FBC-A27B-C18F41F3C305}"
EndProject
Global
	GlobalSection(SolutionConfigurationPlatforms) = preSolution
		Debug|Any CPU = Debug|Any CPU
		Release|Any CPU = Release|Any CPU
	EndGlobalSection
	GlobalSection(ProjectConfigurationPlatforms) = postSolution
		{FBCDCA20-2BA0-4452-8CBE-64E56CC22215}.Debug|Any CPU.ActiveCfg = Debug|Any CPU
		{FBCDCA20-2BA0-4452-8CBE-64E56CC22215}.Debug|Any CPU.Build.0 = Debug|Any CPU
		{FBCDCA20-2BA0-4452-8CBE-64E56CC22215}.Release|Any CPU.ActiveCfg = Release|Any CPU
		{FBCDCA20-2BA0-4452-8CBE-64E56CC22215}.Release|Any CPU.Build.0 = Release|Any CPU
		{D6C461E7-993F-4850-9B6F-89BA2C1D899B}.Debug|Any CPU.ActiveCfg = Debug|Any CPU
		{D6C461E7-993F-4850-9B6F-89BA2C1D899B}.Debug|Any CPU.Build.0 = Debug|Any CPU
		{D6C461E7-993F-4850-9B6F-89BA2C1D899B}.Release|Any CPU.ActiveCfg = Release|Any CPU
		{D6C461E7-993F-4850-9B6F-89BA2C1D899B}.Release|Any CPU.Build.0 = Release|Any CPU
		{714ACCAC-62F6-49BC-AA26-83DE90BBA009}.Debug|Any CPU.ActiveCfg = Debug|Any CPU
		{714ACCAC-62F6-49BC-AA26-83DE90BBA009}.Debug|Any CPU.Build.0 = Debug|Any CPU
		{714ACCAC-62F6-49BC-AA26-83DE90BBA009}.Release|Any CPU.ActiveCfg = Release|Any CPU
		{714ACCAC-62F6-49BC-AA26-83DE90BBA009}.Release|Any CPU.Build.0 = Release|Any CPU
		{D1D5FD9A-8685-4C6F-810A-F28EC2555B7E}.Debug|Any CPU.ActiveCfg = Debug|Any CPU
		{D1D5FD9A-8685-4C6F-810A-F28EC2555B7E}.Debug|Any CPU.Build.0 = Debug|Any CPU
		{D1D5FD9A-8685-4C6F-810A-F28EC2555B7E}.Release|Any CPU.ActiveCfg = Release|Any CPU
		{D1D5FD9A-8685-4C6F-810A-F28EC2555B7E}.Release|Any CPU.Build.0 = Release|Any CPU
		{098CBB6B-1977-42C2-992E-BB8D6C4EF26F}.Debug|Any CPU.ActiveCfg = Debug|Any CPU
		{098CBB6B-1977-42C2-992E-BB8D6C4EF26F}.Debug|Any CPU.Build.0 = Debug|Any CPU
		{098CBB6B-1977-42C2-992E-BB8D6C4EF26F}.Release|Any CPU.ActiveCfg = Release|Any CPU
		{098CBB6B-1977-42C2-992E-BB8D6C4EF26F}.Release|Any CPU.Build.0 = Release|Any CPU
		{3B5085F6-01D1-4470-A65D-8F01C80029E2}.Debug|Any CPU.ActiveCfg = Debug|Any CPU
		{3B5085F6-01D1-4470-A65D-8F01C80029E2}.Debug|Any CPU.Build.0 = Debug|Any CPU
		{3B5085F6-01D1-4470-A65D-8F01C80029E2}.Release|Any CPU.ActiveCfg = Release|Any CPU
		{3B5085F6-01D1-4470-A65D-8F01C80029E2}.Release|Any CPU.Build.0 = Release|Any CPU
		{396BF399-EACB-4E32-84FA-427013BC3F91}.Debug|Any CPU.ActiveCfg = Debug|Any CPU
		{396BF399-EACB-4E32-84FA-427013BC3F91}.Debug|Any CPU.Build.0 = Debug|Any CPU
		{396BF399-EACB-4E32-84FA-427013BC3F91}.Release|Any CPU.ActiveCfg = Release|Any CPU
		{396BF399-EACB-4E32-84FA-427013BC3F91}.Release|Any CPU.Build.0 = Release|Any CPU
		{19D338FE-14C9-405B-BBE8-D357ACF6C03E}.Debug|Any CPU.ActiveCfg = Debug|Any CPU
		{19D338FE-14C9-405B-BBE8-D357ACF6C03E}.Debug|Any CPU.Build.0 = Debug|Any CPU
		{19D338FE-14C9-405B-BBE8-D357ACF6C03E}.Release|Any CPU.ActiveCfg = Release|Any CPU
		{19D338FE-14C9-405B-BBE8-D357ACF6C03E}.Release|Any CPU.Build.0 = Release|Any CPU
		{727939AB-BA9A-4257-B7BE-8C11A8B939CC}.Debug|Any CPU.ActiveCfg = Debug|Any CPU
		{727939AB-BA9A-4257-B7BE-8C11A8B939CC}.Debug|Any CPU.Build.0 = Debug|Any CPU
		{727939AB-BA9A-4257-B7BE-8C11A8B939CC}.Release|Any CPU.ActiveCfg = Release|Any CPU
		{727939AB-BA9A-4257-B7BE-8C11A8B939CC}.Release|Any CPU.Build.0 = Release|Any CPU
		{7874EC1C-19B8-4FBC-A27B-C18F41F3C305}.Debug|Any CPU.ActiveCfg = Debug|Any CPU
		{7874EC1C-19B8-4FBC-A27B-C18F41F3C305}.Debug|Any CPU.Build.0 = Debug|Any CPU
		{7874EC1C-19B8-4FBC-A27B-C18F41F3C305}.Release|Any CPU.ActiveCfg = Release|Any CPU
		{7874EC1C-19B8-4FBC-A27B-C18F41F3C305}.Release|Any CPU.Build.0 = Release|Any CPU
	EndGlobalSection
	GlobalSection(SolutionProperties) = preSolution
		HideSolutionNode = FALSE
	EndGlobalSection
	GlobalSection(ExtensibilityGlobals) = postSolution
		SolutionGuid = {17575844-29F0-4353-961A-7A904B08D2DB}
	EndGlobalSection
EndGlobal
