
Microsoft Visual Studio Solution File, Format Version 12.00
# Visual Studio Version 17
VisualStudioVersion = 17.7.34221.43
MinimumVisualStudioVersion = 10.0.40219.1
Project("{FAE04EC0-301F-11D3-BF4B-00C04F79EFBC}") = "01.ReverseStrings", "01.ReverseStrings\01.ReverseStrings.csproj", "{A03655A9-2371-47F4-AC53-3B64F4ECED54}"
EndProject
Project("{FAE04EC0-301F-11D3-BF4B-00C04F79EFBC}") = "02.RepeatString", "02.RepeatString\02.RepeatString.csproj", "{B3E4F79E-2EE5-4E88-8E4E-E6B021C3AA7B}"
EndProject
Project("{FAE04EC0-301F-11D3-BF4B-00C04F79EFBC}") = "03.Substring", "03.Substring\03.Substring.csproj", "{89E54AC4-ACD6-4571-82A9-D2EF1E39F59C}"
EndProject
Project("{FAE04EC0-301F-11D3-BF4B-00C04F79EFBC}") = "04.TextFilter", "04.TextFilter\04.TextFilter.csproj", "{16C8FEDD-797C-4EBA-8789-DC8277AFC410}"
EndProject
Project("{FAE04EC0-301F-11D3-BF4B-00C04F79EFBC}") = "05.DigitsLettersAndOthers", "05.DigitsLettersAndOthers\05.DigitsLettersAndOthers.csproj", "{CB35B111-0FA8-4FDB-8BC5-9A6C83CD1923}"
EndProject
Project("{FAE04EC0-301F-11D3-BF4B-00C04F79EFBC}") = "06.ValidUsernames", "06.ValidUsernames\06.ValidUsernames.csproj", "{F9F40203-5B26-4718-98E6-31181B823F5D}"
EndProject
Project("{FAE04EC0-301F-11D3-BF4B-00C04F79EFBC}") = "07.CharacterMultiplier", "07.CharacterMultiplier\07.CharacterMultiplier.csproj", "{10E24532-6223-44C8-A85D-23A1C65D2EBD}"
EndProject
Project("{FAE04EC0-301F-11D3-BF4B-00C04F79EFBC}") = "08.ExtractFile", "08.ExtractFile\08.ExtractFile.csproj", "{13E9D68E-14B8-4201-A580-DE1CB08838AE}"
EndProject
Project("{FAE04EC0-301F-11D3-BF4B-00C04F79EFBC}") = "09.CaeserCipher", "04.CaeserCipher\09.CaeserCipher.csproj", "{1A3391B5-1BE1-4E5D-B3AC-A5C2E32FACB5}"
EndProject
Global
	GlobalSection(SolutionConfigurationPlatforms) = preSolution
		Debug|Any CPU = Debug|Any CPU
		Release|Any CPU = Release|Any CPU
	EndGlobalSection
	GlobalSection(ProjectConfigurationPlatforms) = postSolution
		{A03655A9-2371-47F4-AC53-3B64F4ECED54}.Debug|Any CPU.ActiveCfg = Debug|Any CPU
		{A03655A9-2371-47F4-AC53-3B64F4ECED54}.Debug|Any CPU.Build.0 = Debug|Any CPU
		{A03655A9-2371-47F4-AC53-3B64F4ECED54}.Release|Any CPU.ActiveCfg = Release|Any CPU
		{A03655A9-2371-47F4-AC53-3B64F4ECED54}.Release|Any CPU.Build.0 = Release|Any CPU
		{B3E4F79E-2EE5-4E88-8E4E-E6B021C3AA7B}.Debug|Any CPU.ActiveCfg = Debug|Any CPU
		{B3E4F79E-2EE5-4E88-8E4E-E6B021C3AA7B}.Debug|Any CPU.Build.0 = Debug|Any CPU
		{B3E4F79E-2EE5-4E88-8E4E-E6B021C3AA7B}.Release|Any CPU.ActiveCfg = Release|Any CPU
		{B3E4F79E-2EE5-4E88-8E4E-E6B021C3AA7B}.Release|Any CPU.Build.0 = Release|Any CPU
		{89E54AC4-ACD6-4571-82A9-D2EF1E39F59C}.Debug|Any CPU.ActiveCfg = Debug|Any CPU
		{89E54AC4-ACD6-4571-82A9-D2EF1E39F59C}.Debug|Any CPU.Build.0 = Debug|Any CPU
		{89E54AC4-ACD6-4571-82A9-D2EF1E39F59C}.Release|Any CPU.ActiveCfg = Release|Any CPU
		{89E54AC4-ACD6-4571-82A9-D2EF1E39F59C}.Release|Any CPU.Build.0 = Release|Any CPU
		{16C8FEDD-797C-4EBA-8789-DC8277AFC410}.Debug|Any CPU.ActiveCfg = Debug|Any CPU
		{16C8FEDD-797C-4EBA-8789-DC8277AFC410}.Debug|Any CPU.Build.0 = Debug|Any CPU
		{16C8FEDD-797C-4EBA-8789-DC8277AFC410}.Release|Any CPU.ActiveCfg = Release|Any CPU
		{16C8FEDD-797C-4EBA-8789-DC8277AFC410}.Release|Any CPU.Build.0 = Release|Any CPU
		{CB35B111-0FA8-4FDB-8BC5-9A6C83CD1923}.Debug|Any CPU.ActiveCfg = Debug|Any CPU
		{CB35B111-0FA8-4FDB-8BC5-9A6C83CD1923}.Debug|Any CPU.Build.0 = Debug|Any CPU
		{CB35B111-0FA8-4FDB-8BC5-9A6C83CD1923}.Release|Any CPU.ActiveCfg = Release|Any CPU
		{CB35B111-0FA8-4FDB-8BC5-9A6C83CD1923}.Release|Any CPU.Build.0 = Release|Any CPU
		{F9F40203-5B26-4718-98E6-31181B823F5D}.Debug|Any CPU.ActiveCfg = Debug|Any CPU
		{F9F40203-5B26-4718-98E6-31181B823F5D}.Debug|Any CPU.Build.0 = Debug|Any CPU
		{F9F40203-5B26-4718-98E6-31181B823F5D}.Release|Any CPU.ActiveCfg = Release|Any CPU
		{F9F40203-5B26-4718-98E6-31181B823F5D}.Release|Any CPU.Build.0 = Release|Any CPU
		{10E24532-6223-44C8-A85D-23A1C65D2EBD}.Debug|Any CPU.ActiveCfg = Debug|Any CPU
		{10E24532-6223-44C8-A85D-23A1C65D2EBD}.Debug|Any CPU.Build.0 = Debug|Any CPU
		{10E24532-6223-44C8-A85D-23A1C65D2EBD}.Release|Any CPU.ActiveCfg = Release|Any CPU
		{10E24532-6223-44C8-A85D-23A1C65D2EBD}.Release|Any CPU.Build.0 = Release|Any CPU
		{13E9D68E-14B8-4201-A580-DE1CB08838AE}.Debug|Any CPU.ActiveCfg = Debug|Any CPU
		{13E9D68E-14B8-4201-A580-DE1CB08838AE}.Debug|Any CPU.Build.0 = Debug|Any CPU
		{13E9D68E-14B8-4201-A580-DE1CB08838AE}.Release|Any CPU.ActiveCfg = Release|Any CPU
		{13E9D68E-14B8-4201-A580-DE1CB08838AE}.Release|Any CPU.Build.0 = Release|Any CPU
		{1A3391B5-1BE1-4E5D-B3AC-A5C2E32FACB5}.Debug|Any CPU.ActiveCfg = Debug|Any CPU
		{1A3391B5-1BE1-4E5D-B3AC-A5C2E32FACB5}.Debug|Any CPU.Build.0 = Debug|Any CPU
		{1A3391B5-1BE1-4E5D-B3AC-A5C2E32FACB5}.Release|Any CPU.ActiveCfg = Release|Any CPU
		{1A3391B5-1BE1-4E5D-B3AC-A5C2E32FACB5}.Release|Any CPU.Build.0 = Release|Any CPU
	EndGlobalSection
	GlobalSection(SolutionProperties) = preSolution
		HideSolutionNode = FALSE
	EndGlobalSection
	GlobalSection(ExtensibilityGlobals) = postSolution
		SolutionGuid = {919FBFA3-A071-4445-8704-EFDA7308F80F}
	EndGlobalSection
EndGlobal
