
Microsoft Visual Studio Solution File, Format Version 12.00
# Visual Studio Version 17
VisualStudioVersion = 17.7.34221.43
MinimumVisualStudioVersion = 10.0.40219.1
Project("{FAE04EC0-301F-11D3-BF4B-00C04F79EFBC}") = "01.TextReading", "01.TextReading\01.TextReading.csproj", "{81650973-8FEF-41B2-820A-14F7915F28B1}"
EndProject
Project("{FAE04EC0-301F-11D3-BF4B-00C04F79EFBC}") = "02.SquareArea", "02.SquareArea\02.SquareArea.csproj", "{B98D68FF-29CD-4716-A2A9-C3323B3B7E3F}"
EndProject
Project("{FAE04EC0-301F-11D3-BF4B-00C04F79EFBC}") = "03.RectangleArea", "03.RectangleArea\03.RectangleArea.csproj", "{79A57BDE-213D-47C8-8171-5F4F26995C01}"
EndProject
Project("{FAE04EC0-301F-11D3-BF4B-00C04F79EFBC}") = "04.TrapeziodArea", "04.TrapeziodArea\04.TrapeziodArea.csproj", "{E3372065-3CD1-4EA0-8DD6-9588905CE894}"
EndProject
Project("{FAE04EC0-301F-11D3-BF4B-00C04F79EFBC}") = "05.TrianglePerimeter", "05.TrianglePerimeter\05.TrianglePerimeter.csproj", "{E1EA2067-9C42-4786-9D07-7A76438453BB}"
EndProject
Project("{FAE04EC0-301F-11D3-BF4B-00C04F79EFBC}") = "06.InchesToCm", "06.InchesToCm\06.InchesToCm.csproj", "{0F2DD727-0D04-498A-B3E1-6352AA2B830B}"
EndProject
Global
	GlobalSection(SolutionConfigurationPlatforms) = preSolution
		Debug|Any CPU = Debug|Any CPU
		Release|Any CPU = Release|Any CPU
	EndGlobalSection
	GlobalSection(ProjectConfigurationPlatforms) = postSolution
		{81650973-8FEF-41B2-820A-14F7915F28B1}.Debug|Any CPU.ActiveCfg = Debug|Any CPU
		{81650973-8FEF-41B2-820A-14F7915F28B1}.Debug|Any CPU.Build.0 = Debug|Any CPU
		{81650973-8FEF-41B2-820A-14F7915F28B1}.Release|Any CPU.ActiveCfg = Release|Any CPU
		{81650973-8FEF-41B2-820A-14F7915F28B1}.Release|Any CPU.Build.0 = Release|Any CPU
		{B98D68FF-29CD-4716-A2A9-C3323B3B7E3F}.Debug|Any CPU.ActiveCfg = Debug|Any CPU
		{B98D68FF-29CD-4716-A2A9-C3323B3B7E3F}.Debug|Any CPU.Build.0 = Debug|Any CPU
		{B98D68FF-29CD-4716-A2A9-C3323B3B7E3F}.Release|Any CPU.ActiveCfg = Release|Any CPU
		{B98D68FF-29CD-4716-A2A9-C3323B3B7E3F}.Release|Any CPU.Build.0 = Release|Any CPU
		{79A57BDE-213D-47C8-8171-5F4F26995C01}.Debug|Any CPU.ActiveCfg = Debug|Any CPU
		{79A57BDE-213D-47C8-8171-5F4F26995C01}.Debug|Any CPU.Build.0 = Debug|Any CPU
		{79A57BDE-213D-47C8-8171-5F4F26995C01}.Release|Any CPU.ActiveCfg = Release|Any CPU
		{79A57BDE-213D-47C8-8171-5F4F26995C01}.Release|Any CPU.Build.0 = Release|Any CPU
		{E3372065-3CD1-4EA0-8DD6-9588905CE894}.Debug|Any CPU.ActiveCfg = Debug|Any CPU
		{E3372065-3CD1-4EA0-8DD6-9588905CE894}.Debug|Any CPU.Build.0 = Debug|Any CPU
		{E3372065-3CD1-4EA0-8DD6-9588905CE894}.Release|Any CPU.ActiveCfg = Release|Any CPU
		{E3372065-3CD1-4EA0-8DD6-9588905CE894}.Release|Any CPU.Build.0 = Release|Any CPU
		{E1EA2067-9C42-4786-9D07-7A76438453BB}.Debug|Any CPU.ActiveCfg = Debug|Any CPU
		{E1EA2067-9C42-4786-9D07-7A76438453BB}.Debug|Any CPU.Build.0 = Debug|Any CPU
		{E1EA2067-9C42-4786-9D07-7A76438453BB}.Release|Any CPU.ActiveCfg = Release|Any CPU
		{E1EA2067-9C42-4786-9D07-7A76438453BB}.Release|Any CPU.Build.0 = Release|Any CPU
		{0F2DD727-0D04-498A-B3E1-6352AA2B830B}.Debug|Any CPU.ActiveCfg = Debug|Any CPU
		{0F2DD727-0D04-498A-B3E1-6352AA2B830B}.Debug|Any CPU.Build.0 = Debug|Any CPU
		{0F2DD727-0D04-498A-B3E1-6352AA2B830B}.Release|Any CPU.ActiveCfg = Release|Any CPU
		{0F2DD727-0D04-498A-B3E1-6352AA2B830B}.Release|Any CPU.Build.0 = Release|Any CPU
	EndGlobalSection
	GlobalSection(SolutionProperties) = preSolution
		HideSolutionNode = FALSE
	EndGlobalSection
	GlobalSection(ExtensibilityGlobals) = postSolution
		SolutionGuid = {300ED09D-F64E-4887-9E7D-53ACAA9A4572}
	EndGlobalSection
EndGlobal
