
Microsoft Visual Studio Solution File, Format Version 12.00
# Visual Studio Version 17
VisualStudioVersion = 17.7.34221.43
MinimumVisualStudioVersion = 10.0.40219.1
Project("{FAE04EC0-301F-11D3-BF4B-00C04F79EFBC}") = "GreaterOfTwoValues", "GreaterOfTwoValues\GreaterOfTwoValues.csproj", "{0D89AF90-3731-4F52-9FE8-B8398F6EB12F}"
EndProject
Project("{FAE04EC0-301F-11D3-BF4B-00C04F79EFBC}") = "GreaterOfTwoValues.Tests", "GreaterOfTwoValues.Tests\GreaterOfTwoValues.Tests.csproj", "{66956C91-4340-4AC8-94C4-2428534FFA4A}"
EndProject
Global
	GlobalSection(SolutionConfigurationPlatforms) = preSolution
		Debug|Any CPU = Debug|Any CPU
		Release|Any CPU = Release|Any CPU
	EndGlobalSection
	GlobalSection(ProjectConfigurationPlatforms) = postSolution
		{0D89AF90-3731-4F52-9FE8-B8398F6EB12F}.Debug|Any CPU.ActiveCfg = Debug|Any CPU
		{0D89AF90-3731-4F52-9FE8-B8398F6EB12F}.Debug|Any CPU.Build.0 = Debug|Any CPU
		{0D89AF90-3731-4F52-9FE8-B8398F6EB12F}.Release|Any CPU.ActiveCfg = Release|Any CPU
		{0D89AF90-3731-4F52-9FE8-B8398F6EB12F}.Release|Any CPU.Build.0 = Release|Any CPU
		{66956C91-4340-4AC8-94C4-2428534FFA4A}.Debug|Any CPU.ActiveCfg = Debug|Any CPU
		{66956C91-4340-4AC8-94C4-2428534FFA4A}.Debug|Any CPU.Build.0 = Debug|Any CPU
		{66956C91-4340-4AC8-94C4-2428534FFA4A}.Release|Any CPU.ActiveCfg = Release|Any CPU
		{66956C91-4340-4AC8-94C4-2428534FFA4A}.Release|Any CPU.Build.0 = Release|Any CPU
	EndGlobalSection
	GlobalSection(SolutionProperties) = preSolution
		HideSolutionNode = FALSE
	EndGlobalSection
	GlobalSection(ExtensibilityGlobals) = postSolution
		SolutionGuid = {3976DE60-3274-46BE-87AB-B458AEBB6546}
	EndGlobalSection
EndGlobal
