
Microsoft Visual Studio Solution File, Format Version 12.00
# Visual Studio Version 17
VisualStudioVersion = 17.7.34221.43
MinimumVisualStudioVersion = 10.0.40219.1
Project("{FAE04EC0-301F-11D3-BF4B-00C04F79EFBC}") = "01.NumbersInRange", "01.NumbersInRange\01.NumbersInRange.csproj", "{A58DFC90-D036-4B7D-987D-E43B6205EBCD}"
EndProject
Project("{FAE04EC0-301F-11D3-BF4B-00C04F79EFBC}") = "02.FirstNnumberSum", "02.FirstNnumberSum\02.FirstNnumberSum.csproj", "{CFC2ED6F-2C3C-4B7F-95F3-C02B66ED579A}"
EndProject
Project("{FAE04EC0-301F-11D3-BF4B-00C04F79EFBC}") = "03.SumNumbers", "03.SumNumbers\03.SumNumbers.csproj", "{B19FD1B5-F5A6-4A00-AD34-F5A302FCBEBD}"
EndProject
Project("{FAE04EC0-301F-11D3-BF4B-00C04F79EFBC}") = "04.NumbersEndingIn7", "04.NumbersEndingIn7\04.NumbersEndingIn7.csproj", "{F5EE34D3-DD03-4A3B-9F0B-0BEBF74F1466}"
EndProject
Project("{FAE04EC0-301F-11D3-BF4B-00C04F79EFBC}") = "05NumberFrom1toNOver3", "05NumberFrom1toNOver3\05NumberFrom1toNOver3.csproj", "{7C757E02-4DA5-4097-A5A8-45BDA293647C}"
EndProject
Project("{FAE04EC0-301F-11D3-BF4B-00C04F79EFBC}") = "06.ExamCountdown", "06.ExamCountdown\06.ExamCountdown.csproj", "{6B9E5C65-DEFD-401A-B9B5-F4B32FD16345}"
EndProject
Project("{FAE04EC0-301F-11D3-BF4B-00C04F79EFBC}") = "07.lattinLetters", "07.lattinLetters\07.lattinLetters.csproj", "{7B37D4AE-066B-406D-AC0B-C60FCF90288B}"
EndProject
Global
	GlobalSection(SolutionConfigurationPlatforms) = preSolution
		Debug|Any CPU = Debug|Any CPU
		Release|Any CPU = Release|Any CPU
	EndGlobalSection
	GlobalSection(ProjectConfigurationPlatforms) = postSolution
		{A58DFC90-D036-4B7D-987D-E43B6205EBCD}.Debug|Any CPU.ActiveCfg = Debug|Any CPU
		{A58DFC90-D036-4B7D-987D-E43B6205EBCD}.Debug|Any CPU.Build.0 = Debug|Any CPU
		{A58DFC90-D036-4B7D-987D-E43B6205EBCD}.Release|Any CPU.ActiveCfg = Release|Any CPU
		{A58DFC90-D036-4B7D-987D-E43B6205EBCD}.Release|Any CPU.Build.0 = Release|Any CPU
		{CFC2ED6F-2C3C-4B7F-95F3-C02B66ED579A}.Debug|Any CPU.ActiveCfg = Debug|Any CPU
		{CFC2ED6F-2C3C-4B7F-95F3-C02B66ED579A}.Debug|Any CPU.Build.0 = Debug|Any CPU
		{CFC2ED6F-2C3C-4B7F-95F3-C02B66ED579A}.Release|Any CPU.ActiveCfg = Release|Any CPU
		{CFC2ED6F-2C3C-4B7F-95F3-C02B66ED579A}.Release|Any CPU.Build.0 = Release|Any CPU
		{B19FD1B5-F5A6-4A00-AD34-F5A302FCBEBD}.Debug|Any CPU.ActiveCfg = Debug|Any CPU
		{B19FD1B5-F5A6-4A00-AD34-F5A302FCBEBD}.Debug|Any CPU.Build.0 = Debug|Any CPU
		{B19FD1B5-F5A6-4A00-AD34-F5A302FCBEBD}.Release|Any CPU.ActiveCfg = Release|Any CPU
		{B19FD1B5-F5A6-4A00-AD34-F5A302FCBEBD}.Release|Any CPU.Build.0 = Release|Any CPU
		{F5EE34D3-DD03-4A3B-9F0B-0BEBF74F1466}.Debug|Any CPU.ActiveCfg = Debug|Any CPU
		{F5EE34D3-DD03-4A3B-9F0B-0BEBF74F1466}.Debug|Any CPU.Build.0 = Debug|Any CPU
		{F5EE34D3-DD03-4A3B-9F0B-0BEBF74F1466}.Release|Any CPU.ActiveCfg = Release|Any CPU
		{F5EE34D3-DD03-4A3B-9F0B-0BEBF74F1466}.Release|Any CPU.Build.0 = Release|Any CPU
		{7C757E02-4DA5-4097-A5A8-45BDA293647C}.Debug|Any CPU.ActiveCfg = Debug|Any CPU
		{7C757E02-4DA5-4097-A5A8-45BDA293647C}.Debug|Any CPU.Build.0 = Debug|Any CPU
		{7C757E02-4DA5-4097-A5A8-45BDA293647C}.Release|Any CPU.ActiveCfg = Release|Any CPU
		{7C757E02-4DA5-4097-A5A8-45BDA293647C}.Release|Any CPU.Build.0 = Release|Any CPU
		{6B9E5C65-DEFD-401A-B9B5-F4B32FD16345}.Debug|Any CPU.ActiveCfg = Debug|Any CPU
		{6B9E5C65-DEFD-401A-B9B5-F4B32FD16345}.Debug|Any CPU.Build.0 = Debug|Any CPU
		{6B9E5C65-DEFD-401A-B9B5-F4B32FD16345}.Release|Any CPU.ActiveCfg = Release|Any CPU
		{6B9E5C65-DEFD-401A-B9B5-F4B32FD16345}.Release|Any CPU.Build.0 = Release|Any CPU
		{7B37D4AE-066B-406D-AC0B-C60FCF90288B}.Debug|Any CPU.ActiveCfg = Debug|Any CPU
		{7B37D4AE-066B-406D-AC0B-C60FCF90288B}.Debug|Any CPU.Build.0 = Debug|Any CPU
		{7B37D4AE-066B-406D-AC0B-C60FCF90288B}.Release|Any CPU.ActiveCfg = Release|Any CPU
		{7B37D4AE-066B-406D-AC0B-C60FCF90288B}.Release|Any CPU.Build.0 = Release|Any CPU
	EndGlobalSection
	GlobalSection(SolutionProperties) = preSolution
		HideSolutionNode = FALSE
	EndGlobalSection
	GlobalSection(ExtensibilityGlobals) = postSolution
		SolutionGuid = {E63C1F87-F243-4E2A-85FE-81335E8E42B5}
	EndGlobalSection
EndGlobal
