
Microsoft Visual Studio Solution File, Format Version 12.00
# Visual Studio Version 17
VisualStudioVersion = 17.7.34221.43
MinimumVisualStudioVersion = 10.0.40219.1
Project("{FAE04EC0-301F-11D3-BF4B-00C04F79EFBC}") = "01.CountRealNumbers", "01.CountRealNumbers\01.CountRealNumbers.csproj", "{8F447B46-848C-4240-826A-CE2C9B51E1A0}"
EndProject
Project("{FAE04EC0-301F-11D3-BF4B-00C04F79EFBC}") = "02.OddOccurences", "02.OddOccurences\02.OddOccurences.csproj", "{E5AD293E-28FE-4AFA-AE7C-F30FC5788CB9}"
EndProject
Project("{FAE04EC0-301F-11D3-BF4B-00C04F79EFBC}") = "03.WordSynonyms", "03.WordSynonyms\03.WordSynonyms.csproj", "{8B29FA02-295B-4D55-8E43-5BA1A30992C3}"
EndProject
Project("{FAE04EC0-301F-11D3-BF4B-00C04F79EFBC}") = "04.WordFilter", "04.WordFilter\04.WordFilter.csproj", "{797A3F1C-50B7-44D1-A944-B9481858560F}"
EndProject
Global
	GlobalSection(SolutionConfigurationPlatforms) = preSolution
		Debug|Any CPU = Debug|Any CPU
		Release|Any CPU = Release|Any CPU
	EndGlobalSection
	GlobalSection(ProjectConfigurationPlatforms) = postSolution
		{8F447B46-848C-4240-826A-CE2C9B51E1A0}.Debug|Any CPU.ActiveCfg = Debug|Any CPU
		{8F447B46-848C-4240-826A-CE2C9B51E1A0}.Debug|Any CPU.Build.0 = Debug|Any CPU
		{8F447B46-848C-4240-826A-CE2C9B51E1A0}.Release|Any CPU.ActiveCfg = Release|Any CPU
		{8F447B46-848C-4240-826A-CE2C9B51E1A0}.Release|Any CPU.Build.0 = Release|Any CPU
		{E5AD293E-28FE-4AFA-AE7C-F30FC5788CB9}.Debug|Any CPU.ActiveCfg = Debug|Any CPU
		{E5AD293E-28FE-4AFA-AE7C-F30FC5788CB9}.Debug|Any CPU.Build.0 = Debug|Any CPU
		{E5AD293E-28FE-4AFA-AE7C-F30FC5788CB9}.Release|Any CPU.ActiveCfg = Release|Any CPU
		{E5AD293E-28FE-4AFA-AE7C-F30FC5788CB9}.Release|Any CPU.Build.0 = Release|Any CPU
		{8B29FA02-295B-4D55-8E43-5BA1A30992C3}.Debug|Any CPU.ActiveCfg = Debug|Any CPU
		{8B29FA02-295B-4D55-8E43-5BA1A30992C3}.Debug|Any CPU.Build.0 = Debug|Any CPU
		{8B29FA02-295B-4D55-8E43-5BA1A30992C3}.Release|Any CPU.ActiveCfg = Release|Any CPU
		{8B29FA02-295B-4D55-8E43-5BA1A30992C3}.Release|Any CPU.Build.0 = Release|Any CPU
		{797A3F1C-50B7-44D1-A944-B9481858560F}.Debug|Any CPU.ActiveCfg = Debug|Any CPU
		{797A3F1C-50B7-44D1-A944-B9481858560F}.Debug|Any CPU.Build.0 = Debug|Any CPU
		{797A3F1C-50B7-44D1-A944-B9481858560F}.Release|Any CPU.ActiveCfg = Release|Any CPU
		{797A3F1C-50B7-44D1-A944-B9481858560F}.Release|Any CPU.Build.0 = Release|Any CPU
	EndGlobalSection
	GlobalSection(SolutionProperties) = preSolution
		HideSolutionNode = FALSE
	EndGlobalSection
	GlobalSection(ExtensibilityGlobals) = postSolution
		SolutionGuid = {8A2E499E-8613-4900-A49B-661BF3ED798E}
	EndGlobalSection
EndGlobal
